// !$*UTF8*$!
{
	archiveVersion = 1;
	classes = {
	};
	objectVersion = 55;
	objects = {

/* Begin PBXBuildFile section */
		5E046BF52759110D0090B5A6 /* Task.swift in Sources */ = {isa = PBXBuildFile; fileRef = 5E046BF42759110D0090B5A6 /* Task.swift */; };
		5E0D11EC2746F1EF00F4F905 /* SignUpController.swift in Sources */ = {isa = PBXBuildFile; fileRef = 5E0D11EB2746F1EF00F4F905 /* SignUpController.swift */; };
		5E2137D12775E40100F7DA27 /* ProfileController.swift in Sources */ = {isa = PBXBuildFile; fileRef = 5E2137D02775E40100F7DA27 /* ProfileController.swift */; };
		5E239B4C278B77DA000BBE50 /* TableViewUtils.swift in Sources */ = {isa = PBXBuildFile; fileRef = 5E239B4B278B77DA000BBE50 /* TableViewUtils.swift */; };
		5E490AAB27578A18000ED5C8 /* AddTaskController.swift in Sources */ = {isa = PBXBuildFile; fileRef = 5E490AAA27578A18000ED5C8 /* AddTaskController.swift */; };
		5E52B82627660C8400694952 /* TaskController.swift in Sources */ = {isa = PBXBuildFile; fileRef = 5E52B82427660C8400694952 /* TaskController.swift */; };
		5E5693E62790337800F4C1FE /* UserSettingsController.swift in Sources */ = {isa = PBXBuildFile; fileRef = 5E5693E52790337800F4C1FE /* UserSettingsController.swift */; };
		5E60634627693F6700B15F61 /* DateHelper.swift in Sources */ = {isa = PBXBuildFile; fileRef = 5E60634527693F6700B15F61 /* DateHelper.swift */; };
		5E6F221F275E2B4900333B13 /* Comfortaa.ttf in Resources */ = {isa = PBXBuildFile; fileRef = 5E6F221E275E2B4900333B13 /* Comfortaa.ttf */; };
		5E6F2222275E4BF900333B13 /* Comfortaa-Bold.ttf in Resources */ = {isa = PBXBuildFile; fileRef = 5E6F2221275E4BF900333B13 /* Comfortaa-Bold.ttf */; };
		5E8670C62785EAD600A07862 /* TaskDetailController.swift in Sources */ = {isa = PBXBuildFile; fileRef = 5E8670C52785EAD600A07862 /* TaskDetailController.swift */; };
		5E943822274FD2F70099CF1C /* Extensions.swift in Sources */ = {isa = PBXBuildFile; fileRef = 5E943821274FD2F70099CF1C /* Extensions.swift */; };
		5E9954122767A1A1007EE757 /* TaskCell.swift in Sources */ = {isa = PBXBuildFile; fileRef = 5E9954102767A1A1007EE757 /* TaskCell.swift */; };
		5E9954132767A1A1007EE757 /* TaskCell.xib in Resources */ = {isa = PBXBuildFile; fileRef = 5E9954112767A1A1007EE757 /* TaskCell.xib */; };
		5EA5F5D22760F9A700EA9710 /* UserInfo.swift in Sources */ = {isa = PBXBuildFile; fileRef = 5EA5F5D12760F9A700EA9710 /* UserInfo.swift */; };
		5EB6201B27565BD2001D1FA4 /* DBHelper.swift in Sources */ = {isa = PBXBuildFile; fileRef = 5EB6201A27565BD2001D1FA4 /* DBHelper.swift */; };
		5ED80BD62784A18800F267A9 /* TypeController.swift in Sources */ = {isa = PBXBuildFile; fileRef = 5ED80BD52784A18800F267A9 /* TypeController.swift */; };
		5EDA2E93274442FD00546708 /* AppDelegate.swift in Sources */ = {isa = PBXBuildFile; fileRef = 5EDA2E92274442FD00546708 /* AppDelegate.swift */; };
		5EDA2E95274442FD00546708 /* SceneDelegate.swift in Sources */ = {isa = PBXBuildFile; fileRef = 5EDA2E94274442FD00546708 /* SceneDelegate.swift */; };
		5EDA2E97274442FD00546708 /* SplashController.swift in Sources */ = {isa = PBXBuildFile; fileRef = 5EDA2E96274442FD00546708 /* SplashController.swift */; };
		5EDA2E9A274442FD00546708 /* Main.storyboard in Resources */ = {isa = PBXBuildFile; fileRef = 5EDA2E98274442FD00546708 /* Main.storyboard */; };
		5EDA2E9C2744430100546708 /* Assets.xcassets in Resources */ = {isa = PBXBuildFile; fileRef = 5EDA2E9B2744430100546708 /* Assets.xcassets */; };
		5EDA2E9F2744430100546708 /* LaunchScreen.storyboard in Resources */ = {isa = PBXBuildFile; fileRef = 5EDA2E9D2744430100546708 /* LaunchScreen.storyboard */; };
		5EE5FA14275228ED00676A7D /* Constants.swift in Sources */ = {isa = PBXBuildFile; fileRef = 5EE5FA13275228ED00676A7D /* Constants.swift */; };
		5EED98E7274A55DA00918BE7 /* LoginController.swift in Sources */ = {isa = PBXBuildFile; fileRef = 5EED98E6274A55DA00918BE7 /* LoginController.swift */; };
		5EFD4465275522EC00EFBA96 /* GoogleService-Info.plist in Resources */ = {isa = PBXBuildFile; fileRef = 5EFD4464275522EC00EFBA96 /* GoogleService-Info.plist */; };
		5EFD446A2755232A00EFBA96 /* Utilities.swift in Sources */ = {isa = PBXBuildFile; fileRef = 5EFD44692755232A00EFBA96 /* Utilities.swift */; };
		5EFD446D275566CC00EFBA96 /* HomeController.swift in Sources */ = {isa = PBXBuildFile; fileRef = 5EFD446C275566CC00EFBA96 /* HomeController.swift */; };
		ADD058DFF97A1ED1B673ECE9 /* Pods_Dailoz.framework in Frameworks */ = {isa = PBXBuildFile; fileRef = B6DC0AE9312D7E6053DFBB1D /* Pods_Dailoz.framework */; };
/* End PBXBuildFile section */

/* Begin PBXFileReference section */
		5E046BF42759110D0090B5A6 /* Task.swift */ = {isa = PBXFileReference; lastKnownFileType = sourcecode.swift; path = Task.swift; sourceTree = "<group>"; };
		5E0D11EB2746F1EF00F4F905 /* SignUpController.swift */ = {isa = PBXFileReference; lastKnownFileType = sourcecode.swift; path = SignUpController.swift; sourceTree = "<group>"; };
		5E2137D02775E40100F7DA27 /* ProfileController.swift */ = {isa = PBXFileReference; lastKnownFileType = sourcecode.swift; path = ProfileController.swift; sourceTree = "<group>"; };
		5E239B4B278B77DA000BBE50 /* TableViewUtils.swift */ = {isa = PBXFileReference; lastKnownFileType = sourcecode.swift; path = TableViewUtils.swift; sourceTree = "<group>"; };
		5E490AAA27578A18000ED5C8 /* AddTaskController.swift */ = {isa = PBXFileReference; lastKnownFileType = sourcecode.swift; path = AddTaskController.swift; sourceTree = "<group>"; };
		5E52B82427660C8400694952 /* TaskController.swift */ = {isa = PBXFileReference; lastKnownFileType = sourcecode.swift; path = TaskController.swift; sourceTree = "<group>"; };
		5E5693E52790337800F4C1FE /* UserSettingsController.swift */ = {isa = PBXFileReference; lastKnownFileType = sourcecode.swift; path = UserSettingsController.swift; sourceTree = "<group>"; };
		5E60634527693F6700B15F61 /* DateHelper.swift */ = {isa = PBXFileReference; lastKnownFileType = sourcecode.swift; path = DateHelper.swift; sourceTree = "<group>"; };
		5E6F221E275E2B4900333B13 /* Comfortaa.ttf */ = {isa = PBXFileReference; lastKnownFileType = file; path = Comfortaa.ttf; sourceTree = "<group>"; };
		5E6F2221275E4BF900333B13 /* Comfortaa-Bold.ttf */ = {isa = PBXFileReference; lastKnownFileType = file; path = "Comfortaa-Bold.ttf"; sourceTree = "<group>"; };
		5E8670C52785EAD600A07862 /* TaskDetailController.swift */ = {isa = PBXFileReference; lastKnownFileType = sourcecode.swift; path = TaskDetailController.swift; sourceTree = "<group>"; };
		5E943821274FD2F70099CF1C /* Extensions.swift */ = {isa = PBXFileReference; lastKnownFileType = sourcecode.swift; name = Extensions.swift; path = Dailoz/Controller/Extensions.swift; sourceTree = SOURCE_ROOT; };
		5E9954102767A1A1007EE757 /* TaskCell.swift */ = {isa = PBXFileReference; lastKnownFileType = sourcecode.swift; path = TaskCell.swift; sourceTree = "<group>"; };
		5E9954112767A1A1007EE757 /* TaskCell.xib */ = {isa = PBXFileReference; lastKnownFileType = file.xib; path = TaskCell.xib; sourceTree = "<group>"; };
		5EA5F5D12760F9A700EA9710 /* UserInfo.swift */ = {isa = PBXFileReference; lastKnownFileType = sourcecode.swift; path = UserInfo.swift; sourceTree = "<group>"; };
		5EB6201A27565BD2001D1FA4 /* DBHelper.swift */ = {isa = PBXFileReference; lastKnownFileType = sourcecode.swift; path = DBHelper.swift; sourceTree = "<group>"; };
		5ED80BD52784A18800F267A9 /* TypeController.swift */ = {isa = PBXFileReference; lastKnownFileType = sourcecode.swift; path = TypeController.swift; sourceTree = "<group>"; };
		5EDA2E8F274442FD00546708 /* Dailoz.app */ = {isa = PBXFileReference; explicitFileType = wrapper.application; includeInIndex = 0; path = Dailoz.app; sourceTree = BUILT_PRODUCTS_DIR; };
		5EDA2E92274442FD00546708 /* AppDelegate.swift */ = {isa = PBXFileReference; lastKnownFileType = sourcecode.swift; path = AppDelegate.swift; sourceTree = "<group>"; };
		5EDA2E94274442FD00546708 /* SceneDelegate.swift */ = {isa = PBXFileReference; lastKnownFileType = sourcecode.swift; path = SceneDelegate.swift; sourceTree = "<group>"; };
		5EDA2E96274442FD00546708 /* SplashController.swift */ = {isa = PBXFileReference; lastKnownFileType = sourcecode.swift; path = SplashController.swift; sourceTree = "<group>"; };
		5EDA2E99274442FD00546708 /* Base */ = {isa = PBXFileReference; lastKnownFileType = file.storyboard; name = Base; path = Base.lproj/Main.storyboard; sourceTree = "<group>"; };
		5EDA2E9B2744430100546708 /* Assets.xcassets */ = {isa = PBXFileReference; lastKnownFileType = folder.assetcatalog; path = Assets.xcassets; sourceTree = "<group>"; };
		5EDA2E9E2744430100546708 /* Base */ = {isa = PBXFileReference; lastKnownFileType = file.storyboard; name = Base; path = Base.lproj/LaunchScreen.storyboard; sourceTree = "<group>"; };
		5EDA2EA02744430100546708 /* Info.plist */ = {isa = PBXFileReference; lastKnownFileType = text.plist.xml; path = Info.plist; sourceTree = "<group>"; };
		5EE5FA13275228ED00676A7D /* Constants.swift */ = {isa = PBXFileReference; lastKnownFileType = sourcecode.swift; path = Constants.swift; sourceTree = "<group>"; };
		5EED98E6274A55DA00918BE7 /* LoginController.swift */ = {isa = PBXFileReference; lastKnownFileType = sourcecode.swift; path = LoginController.swift; sourceTree = "<group>"; };
		5EFD4464275522EC00EFBA96 /* GoogleService-Info.plist */ = {isa = PBXFileReference; fileEncoding = 4; lastKnownFileType = text.plist; name = "GoogleService-Info.plist"; path = "Dailoz/GoogleService-Info.plist"; sourceTree = SOURCE_ROOT; };
		5EFD44692755232A00EFBA96 /* Utilities.swift */ = {isa = PBXFileReference; fileEncoding = 4; lastKnownFileType = sourcecode.swift; path = Utilities.swift; sourceTree = "<group>"; };
		5EFD446C275566CC00EFBA96 /* HomeController.swift */ = {isa = PBXFileReference; lastKnownFileType = sourcecode.swift; path = HomeController.swift; sourceTree = "<group>"; };
		A3AE332F12EDCBFD0535352F /* Pods-Dailoz.release.xcconfig */ = {isa = PBXFileReference; includeInIndex = 1; lastKnownFileType = text.xcconfig; name = "Pods-Dailoz.release.xcconfig"; path = "Target Support Files/Pods-Dailoz/Pods-Dailoz.release.xcconfig"; sourceTree = "<group>"; };
		B6DC0AE9312D7E6053DFBB1D /* Pods_Dailoz.framework */ = {isa = PBXFileReference; explicitFileType = wrapper.framework; includeInIndex = 0; path = Pods_Dailoz.framework; sourceTree = BUILT_PRODUCTS_DIR; };
		D2EDD79E9C6AE8A266F50EE8 /* Pods-Dailoz.debug.xcconfig */ = {isa = PBXFileReference; includeInIndex = 1; lastKnownFileType = text.xcconfig; name = "Pods-Dailoz.debug.xcconfig"; path = "Target Support Files/Pods-Dailoz/Pods-Dailoz.debug.xcconfig"; sourceTree = "<group>"; };
/* End PBXFileReference section */

/* Begin PBXFrameworksBuildPhase section */
		5EDA2E8C274442FD00546708 /* Frameworks */ = {
			isa = PBXFrameworksBuildPhase;
			buildActionMask = 2147483647;
			files = (
				ADD058DFF97A1ED1B673ECE9 /* Pods_Dailoz.framework in Frameworks */,
			);
			runOnlyForDeploymentPostprocessing = 0;
		};
/* End PBXFrameworksBuildPhase section */

/* Begin PBXGroup section */
		0A242517D44DAC95D39B85CD /* Pods */ = {
			isa = PBXGroup;
			children = (
				D2EDD79E9C6AE8A266F50EE8 /* Pods-Dailoz.debug.xcconfig */,
				A3AE332F12EDCBFD0535352F /* Pods-Dailoz.release.xcconfig */,
			);
			path = Pods;
			sourceTree = "<group>";
		};
		5E046BF6275911140090B5A6 /* Model */ = {
			isa = PBXGroup;
			children = (
				5E046BF42759110D0090B5A6 /* Task.swift */,
				5EA5F5D12760F9A700EA9710 /* UserInfo.swift */,
			);
			path = Model;
			sourceTree = "<group>";
		};
		5E0D11EA2746E5AD00F4F905 /* StarterControllers */ = {
			isa = PBXGroup;
			children = (
				5EDA2E96274442FD00546708 /* SplashController.swift */,
				5E0D11EB2746F1EF00F4F905 /* SignUpController.swift */,
				5EED98E6274A55DA00918BE7 /* LoginController.swift */,
			);
			path = StarterControllers;
			sourceTree = "<group>";
		};
		5E5693E42790334800F4C1FE /* AdditionalControllers */ = {
			isa = PBXGroup;
			children = (
				5E8670C52785EAD600A07862 /* TaskDetailController.swift */,
				5E5693E52790337800F4C1FE /* UserSettingsController.swift */,
			);
			path = AdditionalControllers;
			sourceTree = "<group>";
		};
		5E6774F82773C1F0006DD545 /* Cells */ = {
			isa = PBXGroup;
			children = (
				5E9954102767A1A1007EE757 /* TaskCell.swift */,
				5E9954112767A1A1007EE757 /* TaskCell.xib */,
			);
			path = Cells;
			sourceTree = "<group>";
		};
		5E6F2220275E2B5800333B13 /* Fonts */ = {
			isa = PBXGroup;
			children = (
				5E6F221E275E2B4900333B13 /* Comfortaa.ttf */,
				5E6F2221275E4BF900333B13 /* Comfortaa-Bold.ttf */,
			);
			path = Fonts;
			sourceTree = "<group>";
		};
		5EDA2E86274442FD00546708 = {
			isa = PBXGroup;
			children = (
				5EDA2E91274442FD00546708 /* Dailoz */,
				5EDA2E90274442FD00546708 /* Products */,
				0A242517D44DAC95D39B85CD /* Pods */,
				B42321999E0EA71DFF1C1BE0 /* Frameworks */,
			);
			sourceTree = "<group>";
		};
		5EDA2E90274442FD00546708 /* Products */ = {
			isa = PBXGroup;
			children = (
				5EDA2E8F274442FD00546708 /* Dailoz.app */,
			);
			name = Products;
			sourceTree = "<group>";
		};
		5EDA2E91274442FD00546708 /* Dailoz */ = {
			isa = PBXGroup;
			children = (
				5EDA2EA02744430100546708 /* Info.plist */,
				5EFD4464275522EC00EFBA96 /* GoogleService-Info.plist */,
				5EDA2EA82744442100546708 /* AppDelegate */,
				5E046BF6275911140090B5A6 /* Model */,
				5EDA2EA72744441900546708 /* Controller */,
				5EDA2EA62744440E00546708 /* View */,
				5EFD44682755232100EFBA96 /* Helpers */,
				5EDA2EA92744444800546708 /* Resource */,
			);
			path = Dailoz;
			sourceTree = "<group>";
		};
		5EDA2EA62744440E00546708 /* View */ = {
			isa = PBXGroup;
			children = (
				5EDA2E98274442FD00546708 /* Main.storyboard */,
				5EDA2E9D2744430100546708 /* LaunchScreen.storyboard */,
			);
			path = View;
			sourceTree = "<group>";
		};
		5EDA2EA72744441900546708 /* Controller */ = {
			isa = PBXGroup;
			children = (
				5E0D11EA2746E5AD00F4F905 /* StarterControllers */,
				5EFD446B2755669C00EFBA96 /* MainControllers */,
				5E5693E42790334800F4C1FE /* AdditionalControllers */,
				5E943821274FD2F70099CF1C /* Extensions.swift */,
			);
			path = Controller;
			sourceTree = "<group>";
		};
		5EDA2EA82744442100546708 /* AppDelegate */ = {
			isa = PBXGroup;
			children = (
				5EDA2E92274442FD00546708 /* AppDelegate.swift */,
				5EDA2E94274442FD00546708 /* SceneDelegate.swift */,
			);
			path = AppDelegate;
			sourceTree = "<group>";
		};
		5EDA2EA92744444800546708 /* Resource */ = {
			isa = PBXGroup;
			children = (
				5E6F2220275E2B5800333B13 /* Fonts */,
				5EDA2E9B2744430100546708 /* Assets.xcassets */,
			);
			path = Resource;
			sourceTree = "<group>";
		};
		5EFD44682755232100EFBA96 /* Helpers */ = {
			isa = PBXGroup;
			children = (
				5EB6201A27565BD2001D1FA4 /* DBHelper.swift */,
				5EE5FA13275228ED00676A7D /* Constants.swift */,
				5EFD44692755232A00EFBA96 /* Utilities.swift */,
				5E60634527693F6700B15F61 /* DateHelper.swift */,
				5E239B4B278B77DA000BBE50 /* TableViewUtils.swift */,
			);
			path = Helpers;
			sourceTree = "<group>";
		};
		5EFD446B2755669C00EFBA96 /* MainControllers */ = {
			isa = PBXGroup;
			children = (
				5EFD446C275566CC00EFBA96 /* HomeController.swift */,
				5E490AAA27578A18000ED5C8 /* AddTaskController.swift */,
				5E52B82427660C8400694952 /* TaskController.swift */,
				5E2137D02775E40100F7DA27 /* ProfileController.swift */,
				5ED80BD52784A18800F267A9 /* TypeController.swift */,
				5E6774F82773C1F0006DD545 /* Cells */,
			);
			path = MainControllers;
			sourceTree = "<group>";
		};
		B42321999E0EA71DFF1C1BE0 /* Frameworks */ = {
			isa = PBXGroup;
			children = (
				B6DC0AE9312D7E6053DFBB1D /* Pods_Dailoz.framework */,
			);
			name = Frameworks;
			sourceTree = "<group>";
		};
/* End PBXGroup section */

/* Begin PBXNativeTarget section */
		5EDA2E8E274442FD00546708 /* Dailoz */ = {
			isa = PBXNativeTarget;
			buildConfigurationList = 5EDA2EA32744430100546708 /* Build configuration list for PBXNativeTarget "Dailoz" */;
			buildPhases = (
				B27A8858701C1E23926CC968 /* [CP] Check Pods Manifest.lock */,
				5EDA2E8B274442FD00546708 /* Sources */,
				5EDA2E8C274442FD00546708 /* Frameworks */,
				5EDA2E8D274442FD00546708 /* Resources */,
				49DBB9A5C6DE646122A564CB /* [CP] Embed Pods Frameworks */,
			);
			buildRules = (
			);
			dependencies = (
			);
			name = Dailoz;
			productName = Dailoz;
			productReference = 5EDA2E8F274442FD00546708 /* Dailoz.app */;
			productType = "com.apple.product-type.application";
		};
/* End PBXNativeTarget section */

/* Begin PBXProject section */
		5EDA2E87274442FD00546708 /* Project object */ = {
			isa = PBXProject;
			attributes = {
				BuildIndependentTargetsInParallel = 1;
				LastSwiftUpdateCheck = 1310;
				LastUpgradeCheck = 1310;
				TargetAttributes = {
					5EDA2E8E274442FD00546708 = {
						CreatedOnToolsVersion = 13.1;
					};
				};
			};
			buildConfigurationList = 5EDA2E8A274442FD00546708 /* Build configuration list for PBXProject "Dailoz" */;
			compatibilityVersion = "Xcode 13.0";
			developmentRegion = en;
			hasScannedForEncodings = 0;
			knownRegions = (
				en,
				Base,
			);
			mainGroup = 5EDA2E86274442FD00546708;
			productRefGroup = 5EDA2E90274442FD00546708 /* Products */;
			projectDirPath = "";
			projectRoot = "";
			targets = (
				5EDA2E8E274442FD00546708 /* Dailoz */,
			);
		};
/* End PBXProject section */

/* Begin PBXResourcesBuildPhase section */
		5EDA2E8D274442FD00546708 /* Resources */ = {
			isa = PBXResourcesBuildPhase;
			buildActionMask = 2147483647;
			files = (
				5EDA2E9F2744430100546708 /* LaunchScreen.storyboard in Resources */,
				5EFD4465275522EC00EFBA96 /* GoogleService-Info.plist in Resources */,
				5E9954132767A1A1007EE757 /* TaskCell.xib in Resources */,
				5E6F2222275E4BF900333B13 /* Comfortaa-Bold.ttf in Resources */,
				5EDA2E9C2744430100546708 /* Assets.xcassets in Resources */,
				5EDA2E9A274442FD00546708 /* Main.storyboard in Resources */,
				5E6F221F275E2B4900333B13 /* Comfortaa.ttf in Resources */,
			);
			runOnlyForDeploymentPostprocessing = 0;
		};
/* End PBXResourcesBuildPhase section */

/* Begin PBXShellScriptBuildPhase section */
		49DBB9A5C6DE646122A564CB /* [CP] Embed Pods Frameworks */ = {
			isa = PBXShellScriptBuildPhase;
			buildActionMask = 2147483647;
			files = (
			);
			inputFileListPaths = (
				"${PODS_ROOT}/Target Support Files/Pods-Dailoz/Pods-Dailoz-frameworks-${CONFIGURATION}-input-files.xcfilelist",
			);
			name = "[CP] Embed Pods Frameworks";
			outputFileListPaths = (
				"${PODS_ROOT}/Target Support Files/Pods-Dailoz/Pods-Dailoz-frameworks-${CONFIGURATION}-output-files.xcfilelist",
			);
			runOnlyForDeploymentPostprocessing = 0;
			shellPath = /bin/sh;
			shellScript = "\"${PODS_ROOT}/Target Support Files/Pods-Dailoz/Pods-Dailoz-frameworks.sh\"\n";
			showEnvVarsInLog = 0;
		};
		B27A8858701C1E23926CC968 /* [CP] Check Pods Manifest.lock */ = {
			isa = PBXShellScriptBuildPhase;
			buildActionMask = 2147483647;
			files = (
			);
			inputFileListPaths = (
			);
			inputPaths = (
				"${PODS_PODFILE_DIR_PATH}/Podfile.lock",
				"${PODS_ROOT}/Manifest.lock",
			);
			name = "[CP] Check Pods Manifest.lock";
			outputFileListPaths = (
			);
			outputPaths = (
				"$(DERIVED_FILE_DIR)/Pods-Dailoz-checkManifestLockResult.txt",
			);
			runOnlyForDeploymentPostprocessing = 0;
			shellPath = /bin/sh;
			shellScript = "diff \"${PODS_PODFILE_DIR_PATH}/Podfile.lock\" \"${PODS_ROOT}/Manifest.lock\" > /dev/null\nif [ $? != 0 ] ; then\n    # print error to STDERR\n    echo \"error: The sandbox is not in sync with the Podfile.lock. Run 'pod install' or update your CocoaPods installation.\" >&2\n    exit 1\nfi\n# This output is used by Xcode 'outputs' to avoid re-running this script phase.\necho \"SUCCESS\" > \"${SCRIPT_OUTPUT_FILE_0}\"\n";
			showEnvVarsInLog = 0;
		};
/* End PBXShellScriptBuildPhase section */

/* Begin PBXSourcesBuildPhase section */
		5EDA2E8B274442FD00546708 /* Sources */ = {
			isa = PBXSourcesBuildPhase;
			buildActionMask = 2147483647;
			files = (
				5E52B82627660C8400694952 /* TaskController.swift in Sources */,
				5EDA2E97274442FD00546708 /* SplashController.swift in Sources */,
				5E8670C62785EAD600A07862 /* TaskDetailController.swift in Sources */,
				5EE5FA14275228ED00676A7D /* Constants.swift in Sources */,
				5E943822274FD2F70099CF1C /* Extensions.swift in Sources */,
				5E2137D12775E40100F7DA27 /* ProfileController.swift in Sources */,
				5E5693E62790337800F4C1FE /* UserSettingsController.swift in Sources */,
				5E9954122767A1A1007EE757 /* TaskCell.swift in Sources */,
				5E239B4C278B77DA000BBE50 /* TableViewUtils.swift in Sources */,
				5EDA2E93274442FD00546708 /* AppDelegate.swift in Sources */,
				5ED80BD62784A18800F267A9 /* TypeController.swift in Sources */,
				5E046BF52759110D0090B5A6 /* Task.swift in Sources */,
				5E490AAB27578A18000ED5C8 /* AddTaskController.swift in Sources */,
				5EDA2E95274442FD00546708 /* SceneDelegate.swift in Sources */,
				5E60634627693F6700B15F61 /* DateHelper.swift in Sources */,
				5EFD446D275566CC00EFBA96 /* HomeController.swift in Sources */,
				5EA5F5D22760F9A700EA9710 /* UserInfo.swift in Sources */,
				5E0D11EC2746F1EF00F4F905 /* SignUpController.swift in Sources */,
				5EB6201B27565BD2001D1FA4 /* DBHelper.swift in Sources */,
				5EFD446A2755232A00EFBA96 /* Utilities.swift in Sources */,
				5EED98E7274A55DA00918BE7 /* LoginController.swift in Sources */,
			);
			runOnlyForDeploymentPostprocessing = 0;
		};
/* End PBXSourcesBuildPhase section */

/* Begin PBXVariantGroup section */
		5EDA2E98274442FD00546708 /* Main.storyboard */ = {
			isa = PBXVariantGroup;
			children = (
				5EDA2E99274442FD00546708 /* Base */,
			);
			name = Main.storyboard;
			sourceTree = "<group>";
		};
		5EDA2E9D2744430100546708 /* LaunchScreen.storyboard */ = {
			isa = PBXVariantGroup;
			children = (
				5EDA2E9E2744430100546708 /* Base */,
			);
			name = LaunchScreen.storyboard;
			sourceTree = "<group>";
		};
/* End PBXVariantGroup section */

/* Begin XCBuildConfiguration section */
		5EDA2EA12744430100546708 /* Debug */ = {
			isa = XCBuildConfiguration;
			buildSettings = {
				ALWAYS_SEARCH_USER_PATHS = NO;
				CLANG_ANALYZER_NONNULL = YES;
				CLANG_ANALYZER_NUMBER_OBJECT_CONVERSION = YES_AGGRESSIVE;
				CLANG_CXX_LANGUAGE_STANDARD = "gnu++17";
				CLANG_CXX_LIBRARY = "libc++";
				CLANG_ENABLE_MODULES = YES;
				CLANG_ENABLE_OBJC_ARC = YES;
				CLANG_ENABLE_OBJC_WEAK = YES;
				CLANG_WARN_BLOCK_CAPTURE_AUTORELEASING = YES;
				CLANG_WARN_BOOL_CONVERSION = YES;
				CLANG_WARN_COMMA = YES;
				CLANG_WARN_CONSTANT_CONVERSION = YES;
				CLANG_WARN_DEPRECATED_OBJC_IMPLEMENTATIONS = YES;
				CLANG_WARN_DIRECT_OBJC_ISA_USAGE = YES_ERROR;
				CLANG_WARN_DOCUMENTATION_COMMENTS = YES;
				CLANG_WARN_EMPTY_BODY = YES;
				CLANG_WARN_ENUM_CONVERSION = YES;
				CLANG_WARN_INFINITE_RECURSION = YES;
				CLANG_WARN_INT_CONVERSION = YES;
				CLANG_WARN_NON_LITERAL_NULL_CONVERSION = YES;
				CLANG_WARN_OBJC_IMPLICIT_RETAIN_SELF = YES;
				CLANG_WARN_OBJC_LITERAL_CONVERSION = YES;
				CLANG_WARN_OBJC_ROOT_CLASS = YES_ERROR;
				CLANG_WARN_QUOTED_INCLUDE_IN_FRAMEWORK_HEADER = YES;
				CLANG_WARN_RANGE_LOOP_ANALYSIS = YES;
				CLANG_WARN_STRICT_PROTOTYPES = YES;
				CLANG_WARN_SUSPICIOUS_MOVE = YES;
				CLANG_WARN_UNGUARDED_AVAILABILITY = YES_AGGRESSIVE;
				CLANG_WARN_UNREACHABLE_CODE = YES;
				CLANG_WARN__DUPLICATE_METHOD_MATCH = YES;
				COPY_PHASE_STRIP = NO;
				DEBUG_INFORMATION_FORMAT = dwarf;
				ENABLE_STRICT_OBJC_MSGSEND = YES;
				ENABLE_TESTABILITY = YES;
				GCC_C_LANGUAGE_STANDARD = gnu11;
				GCC_DYNAMIC_NO_PIC = NO;
				GCC_NO_COMMON_BLOCKS = YES;
				GCC_OPTIMIZATION_LEVEL = 0;
				GCC_PREPROCESSOR_DEFINITIONS = (
					"DEBUG=1",
					"$(inherited)",
				);
				GCC_WARN_64_TO_32_BIT_CONVERSION = YES;
				GCC_WARN_ABOUT_RETURN_TYPE = YES_ERROR;
				GCC_WARN_UNDECLARED_SELECTOR = YES;
				GCC_WARN_UNINITIALIZED_AUTOS = YES_AGGRESSIVE;
				GCC_WARN_UNUSED_FUNCTION = YES;
				GCC_WARN_UNUSED_VARIABLE = YES;
				IPHONEOS_DEPLOYMENT_TARGET = 13.0;
				MTL_ENABLE_DEBUG_INFO = INCLUDE_SOURCE;
				MTL_FAST_MATH = YES;
				ONLY_ACTIVE_ARCH = YES;
				SDKROOT = iphoneos;
				SWIFT_ACTIVE_COMPILATION_CONDITIONS = DEBUG;
				SWIFT_OPTIMIZATION_LEVEL = "-Onone";
			};
			name = Debug;
		};
		5EDA2EA22744430100546708 /* Release */ = {
			isa = XCBuildConfiguration;
			buildSettings = {
				ALWAYS_SEARCH_USER_PATHS = NO;
				CLANG_ANALYZER_NONNULL = YES;
				CLANG_ANALYZER_NUMBER_OBJECT_CONVERSION = YES_AGGRESSIVE;
				CLANG_CXX_LANGUAGE_STANDARD = "gnu++17";
				CLANG_CXX_LIBRARY = "libc++";
				CLANG_ENABLE_MODULES = YES;
				CLANG_ENABLE_OBJC_ARC = YES;
				CLANG_ENABLE_OBJC_WEAK = YES;
				CLANG_WARN_BLOCK_CAPTURE_AUTORELEASING = YES;
				CLANG_WARN_BOOL_CONVERSION = YES;
				CLANG_WARN_COMMA = YES;
				CLANG_WARN_CONSTANT_CONVERSION = YES;
				CLANG_WARN_DEPRECATED_OBJC_IMPLEMENTATIONS = YES;
				CLANG_WARN_DIRECT_OBJC_ISA_USAGE = YES_ERROR;
				CLANG_WARN_DOCUMENTATION_COMMENTS = YES;
				CLANG_WARN_EMPTY_BODY = YES;
				CLANG_WARN_ENUM_CONVERSION = YES;
				CLANG_WARN_INFINITE_RECURSION = YES;
				CLANG_WARN_INT_CONVERSION = YES;
				CLANG_WARN_NON_LITERAL_NULL_CONVERSION = YES;
				CLANG_WARN_OBJC_IMPLICIT_RETAIN_SELF = YES;
				CLANG_WARN_OBJC_LITERAL_CONVERSION = YES;
				CLANG_WARN_OBJC_ROOT_CLASS = YES_ERROR;
				CLANG_WARN_QUOTED_INCLUDE_IN_FRAMEWORK_HEADER = YES;
				CLANG_WARN_RANGE_LOOP_ANALYSIS = YES;
				CLANG_WARN_STRICT_PROTOTYPES = YES;
				CLANG_WARN_SUSPICIOUS_MOVE = YES;
				CLANG_WARN_UNGUARDED_AVAILABILITY = YES_AGGRESSIVE;
				CLANG_WARN_UNREACHABLE_CODE = YES;
				CLANG_WARN__DUPLICATE_METHOD_MATCH = YES;
				COPY_PHASE_STRIP = NO;
				DEBUG_INFORMATION_FORMAT = "dwarf-with-dsym";
				ENABLE_NS_ASSERTIONS = NO;
				ENABLE_STRICT_OBJC_MSGSEND = YES;
				GCC_C_LANGUAGE_STANDARD = gnu11;
				GCC_NO_COMMON_BLOCKS = YES;
				GCC_WARN_64_TO_32_BIT_CONVERSION = YES;
				GCC_WARN_ABOUT_RETURN_TYPE = YES_ERROR;
				GCC_WARN_UNDECLARED_SELECTOR = YES;
				GCC_WARN_UNINITIALIZED_AUTOS = YES_AGGRESSIVE;
				GCC_WARN_UNUSED_FUNCTION = YES;
				GCC_WARN_UNUSED_VARIABLE = YES;
				IPHONEOS_DEPLOYMENT_TARGET = 13.0;
				MTL_ENABLE_DEBUG_INFO = NO;
				MTL_FAST_MATH = YES;
				SDKROOT = iphoneos;
				SWIFT_COMPILATION_MODE = wholemodule;
				SWIFT_OPTIMIZATION_LEVEL = "-O";
				VALIDATE_PRODUCT = YES;
			};
			name = Release;
		};
		5EDA2EA42744430100546708 /* Debug */ = {
			isa = XCBuildConfiguration;
			baseConfigurationReference = D2EDD79E9C6AE8A266F50EE8 /* Pods-Dailoz.debug.xcconfig */;
			buildSettings = {
				ASSETCATALOG_COMPILER_APPICON_NAME = AppIcon;
				ASSETCATALOG_COMPILER_GLOBAL_ACCENT_COLOR_NAME = AccentColor;
				CODE_SIGN_STYLE = Automatic;
				CURRENT_PROJECT_VERSION = 1;
				DEVELOPMENT_TEAM = QY32558B3C;
				GENERATE_INFOPLIST_FILE = YES;
				INFOPLIST_FILE = Dailoz/Info.plist;
				INFOPLIST_KEY_CFBundleDisplayName = Taskly;
				INFOPLIST_KEY_UIApplicationSupportsIndirectInputEvents = YES;
				INFOPLIST_KEY_UILaunchStoryboardName = LaunchScreen;
				INFOPLIST_KEY_UIMainStoryboardFile = Main;
				INFOPLIST_KEY_UISupportedInterfaceOrientations = UIInterfaceOrientationPortrait;
				INFOPLIST_KEY_UISupportedInterfaceOrientations_iPad = "UIInterfaceOrientationPortrait UIInterfaceOrientationPortraitUpsideDown UIInterfaceOrientationLandscapeLeft UIInterfaceOrientationLandscapeRight";
				INFOPLIST_KEY_UISupportedInterfaceOrientations_iPhone = "UIInterfaceOrientationPortrait UIInterfaceOrientationLandscapeLeft UIInterfaceOrientationLandscapeRight";
				IPHONEOS_DEPLOYMENT_TARGET = 13.0;
				LD_RUNPATH_SEARCH_PATHS = (
					"$(inherited)",
					"@executable_path/Frameworks",
				);
				MARKETING_VERSION = 1.0;
				PRODUCT_BUNDLE_IDENTIFIER = com.makovej.Dailoz;
				PRODUCT_NAME = "$(TARGET_NAME)";
				SWIFT_EMIT_LOC_STRINGS = YES;
				SWIFT_VERSION = 5.0;
				TARGETED_DEVICE_FAMILY = "1,2";
			};
			name = Debug;
		};
		5EDA2EA52744430100546708 /* Release */ = {
			isa = XCBuildConfiguration;
			baseConfigurationReference = A3AE332F12EDCBFD0535352F /* Pods-Dailoz.release.xcconfig */;
			buildSettings = {
				ASSETCATALOG_COMPILER_APPICON_NAME = AppIcon;
				ASSETCATALOG_COMPILER_GLOBAL_ACCENT_COLOR_NAME = AccentColor;
				CODE_SIGN_STYLE = Automatic;
				CURRENT_PROJECT_VERSION = 1;
				DEVELOPMENT_TEAM = QY32558B3C;
				GENERATE_INFOPLIST_FILE = YES;
				INFOPLIST_FILE = Dailoz/Info.plist;
				INFOPLIST_KEY_CFBundleDisplayName = Taskly;
				INFOPLIST_KEY_UIApplicationSupportsIndirectInputEvents = YES;
				INFOPLIST_KEY_UILaunchStoryboardName = LaunchScreen;
				INFOPLIST_KEY_UIMainStoryboardFile = Main;
				INFOPLIST_KEY_UISupportedInterfaceOrientations = UIInterfaceOrientationPortrait;
				INFOPLIST_KEY_UISupportedInterfaceOrientations_iPad = "UIInterfaceOrientationPortrait UIInterfaceOrientationPortraitUpsideDown UIInterfaceOrientationLandscapeLeft UIInterfaceOrientationLandscapeRight";
				INFOPLIST_KEY_UISupportedInterfaceOrientations_iPhone = "UIInterfaceOrientationPortrait UIInterfaceOrientationLandscapeLeft UIInterfaceOrientationLandscapeRight";
				IPHONEOS_DEPLOYMENT_TARGET = 13.0;
				LD_RUNPATH_SEARCH_PATHS = (
					"$(inherited)",
					"@executable_path/Frameworks",
				);
				MARKETING_VERSION = 1.0;
				PRODUCT_BUNDLE_IDENTIFIER = com.makovej.Dailoz;
				PRODUCT_NAME = "$(TARGET_NAME)";
				SWIFT_EMIT_LOC_STRINGS = YES;
				SWIFT_VERSION = 5.0;
				TARGETED_DEVICE_FAMILY = "1,2";
			};
			name = Release;
		};
/* End XCBuildConfiguration section */

/* Begin XCConfigurationList section */
		5EDA2E8A274442FD00546708 /* Build configuration list for PBXProject "Dailoz" */ = {
			isa = XCConfigurationList;
			buildConfigurations = (
				5EDA2EA12744430100546708 /* Debug */,
				5EDA2EA22744430100546708 /* Release */,
			);
			defaultConfigurationIsVisible = 0;
			defaultConfigurationName = Release;
		};
		5EDA2EA32744430100546708 /* Build configuration list for PBXNativeTarget "Dailoz" */ = {
			isa = XCConfigurationList;
			buildConfigurations = (
				5EDA2EA42744430100546708 /* Debug */,
				5EDA2EA52744430100546708 /* Release */,
			);
			defaultConfigurationIsVisible = 0;
			defaultConfigurationName = Release;
		};
/* End XCConfigurationList section */
	};
	rootObject = 5EDA2E87274442FD00546708 /* Project object */;
}
